
Microsoft Visual Studio Solution File, Format Version 12.00
# Visual Studio Version 17
VisualStudioVersion = 17.2.32616.157
MinimumVisualStudioVersion = 10.0.40219.1
Project("{2150E333-8FDC-42A3-9474-1A3956D46DE8}") = "Core", "Core", "{06A16D91-49BF-4E69-8C78-3AB80AF78E8D}"
EndProject
Project("{9A19103F-16F7-4668-BE54-9A1E7A4F7556}") = "ETicaretAPI.Domain", "Core\ETıcaretAPI.Domain\ETicaretAPI.Domain.csproj", "{DE56365C-DBFB-4985-BB07-194105ABD5B7}"
EndProject
Project("{9A19103F-16F7-4668-BE54-9A1E7A4F7556}") = "ETicaretAPI.Application", "Core\ETicaretAPI.Application\ETicaretAPI.Application.csproj", "{980154CD-F600-49FD-9EBE-805618CA30F6}"
EndProject
Project("{2150E333-8FDC-42A3-9474-1A3956D46DE8}") = "Infrastructure", "Infrastructure", "{24B0C21F-94C5-468E-A65B-BA249C98FB1E}"
EndProject
Project("{9A19103F-16F7-4668-BE54-9A1E7A4F7556}") = "ETicaretAPI.Infrastructure", "Infrastructure\ETicaretAPI.Infrastructure\ETicaretAPI.Infrastructure.csproj", "{D8EE952B-E677-4851-A3E9-3069226B6995}"
EndProject
Project("{9A19103F-16F7-4668-BE54-9A1E7A4F7556}") = "ETicaretAPI.Persistence", "Infrastructure\ETicaretAPI.Persistence\ETicaretAPI.Persistence.csproj", "{38FBCDE1-119C-4669-869D-A7B01847F2B0}"
EndProject
Project("{2150E333-8FDC-42A3-9474-1A3956D46DE8}") = "Presentation", "Presentation", "{52FB9338-CFD9-4E53-AA28-CE3E8E4BFA28}"
EndProject
Project("{9A19103F-16F7-4668-BE54-9A1E7A4F7556}") = "ETicaretAPI.API", "Presentation\ETicaretAPI.API\ETicaretAPI.API.csproj", "{71C1F618-8031-4ED7-B1FA-63A6647E9B7C}"
EndProject
Project("{FAE04EC0-301F-11D3-BF4B-00C04F79EFBC}") = "ETicaretAPI.SignalR", "Infrastructure\ETicaretAPI.SignalR\ETicaretAPI.SignalR.csproj", "{A4216F15-547F-42BF-84BD-84FC081DCD32}"
EndProject
Global
	GlobalSection(SolutionConfigurationPlatforms) = preSolution
		Debug|Any CPU = Debug|Any CPU
		Release|Any CPU = Release|Any CPU
	EndGlobalSection
	GlobalSection(ProjectConfigurationPlatforms) = postSolution
		{DE56365C-DBFB-4985-BB07-194105ABD5B7}.Debug|Any CPU.ActiveCfg = Debug|Any CPU
		{DE56365C-DBFB-4985-BB07-194105ABD5B7}.Debug|Any CPU.Build.0 = Debug|Any CPU
		{DE56365C-DBFB-4985-BB07-194105ABD5B7}.Release|Any CPU.ActiveCfg = Release|Any CPU
		{DE56365C-DBFB-4985-BB07-194105ABD5B7}.Release|Any CPU.Build.0 = Release|Any CPU
		{980154CD-F600-49FD-9EBE-805618CA30F6}.Debug|Any CPU.ActiveCfg = Debug|Any CPU
		{980154CD-F600-49FD-9EBE-805618CA30F6}.Debug|Any CPU.Build.0 = Debug|Any CPU
		{980154CD-F600-49FD-9EBE-805618CA30F6}.Release|Any CPU.ActiveCfg = Release|Any CPU
		{980154CD-F600-49FD-9EBE-805618CA30F6}.Release|Any CPU.Build.0 = Release|Any CPU
		{D8EE952B-E677-4851-A3E9-3069226B6995}.Debug|Any CPU.ActiveCfg = Debug|Any CPU
		{D8EE952B-E677-4851-A3E9-3069226B6995}.Debug|Any CPU.Build.0 = Debug|Any CPU
		{D8EE952B-E677-4851-A3E9-3069226B6995}.Release|Any CPU.ActiveCfg = Release|Any CPU
		{D8EE952B-E677-4851-A3E9-3069226B6995}.Release|Any CPU.Build.0 = Release|Any CPU
		{38FBCDE1-119C-4669-869D-A7B01847F2B0}.Debug|Any CPU.ActiveCfg = Debug|Any CPU
		{38FBCDE1-119C-4669-869D-A7B01847F2B0}.Debug|Any CPU.Build.0 = Debug|Any CPU
		{38FBCDE1-119C-4669-869D-A7B01847F2B0}.Release|Any CPU.ActiveCfg = Release|Any CPU
		{38FBCDE1-119C-4669-869D-A7B01847F2B0}.Release|Any CPU.Build.0 = Release|Any CPU
		{71C1F618-8031-4ED7-B1FA-63A6647E9B7C}.Debug|Any CPU.ActiveCfg = Debug|Any CPU
		{71C1F618-8031-4ED7-B1FA-63A6647E9B7C}.Debug|Any CPU.Build.0 = Debug|Any CPU
		{71C1F618-8031-4ED7-B1FA-63A6647E9B7C}.Release|Any CPU.ActiveCfg = Release|Any CPU
		{71C1F618-8031-4ED7-B1FA-63A6647E9B7C}.Release|Any CPU.Build.0 = Release|Any CPU
		{A4216F15-547F-42BF-84BD-84FC081DCD32}.Debug|Any CPU.ActiveCfg = Debug|Any CPU
		{A4216F15-547F-42BF-84BD-84FC081DCD32}.Debug|Any CPU.Build.0 = Debug|Any CPU
		{A4216F15-547F-42BF-84BD-84FC081DCD32}.Release|Any CPU.ActiveCfg = Release|Any CPU
		{A4216F15-547F-42BF-84BD-84FC081DCD32}.Release|Any CPU.Build.0 = Release|Any CPU
	EndGlobalSection
	GlobalSection(SolutionProperties) = preSolution
		HideSolutionNode = FALSE
	EndGlobalSection
	GlobalSection(NestedProjects) = preSolution
		{DE56365C-DBFB-4985-BB07-194105ABD5B7} = {06A16D91-49BF-4E69-8C78-3AB80AF78E8D}
		{980154CD-F600-49FD-9EBE-805618CA30F6} = {06A16D91-49BF-4E69-8C78-3AB80AF78E8D}
		{D8EE952B-E677-4851-A3E9-3069226B6995} = {24B0C21F-94C5-468E-A65B-BA249C98FB1E}
		{38FBCDE1-119C-4669-869D-A7B01847F2B0} = {24B0C21F-94C5-468E-A65B-BA249C98FB1E}
		{71C1F618-8031-4ED7-B1FA-63A6647E9B7C} = {52FB9338-CFD9-4E53-AA28-CE3E8E4BFA28}
		{A4216F15-547F-42BF-84BD-84FC081DCD32} = {24B0C21F-94C5-468E-A65B-BA249C98FB1E}
	EndGlobalSection
	GlobalSection(ExtensibilityGlobals) = postSolution
		SolutionGuid = {1EB88E87-FFA6-4BF1-B712-EF2A22EBF410}
	EndGlobalSection
EndGlobal
